<Solution>
  <Project Path="BLL/BLL.csproj" Id="3e319520-54de-490c-b4bc-d2be22481384" />
  <Project Path="DAL/DAL.csproj" Id="2d532ee8-db36-4b88-8585-1033f776bbf3" />
  <Project Path="UI/UI.csproj" Id="0573d1da-e771-419e-9175-3713dafcf045" />
  <Project Path="BE/BE.csproj" Id="b701a8e5-bbef-4566-94ba-12ec183e285d" />
</Solution>
